
Microsoft Visual Studio Solution File, Format Version 12.00
# Visual Studio 15
VisualStudioVersion = 15.0.27703.2035
MinimumVisualStudioVersion = 10.0.40219.1
Project("{9A19103F-16F7-4668-BE54-9A1E7A4F7556}") = "Skyline.Core.System", "Skyline.Core.System\Skyline.Core.System.csproj", "{D959DF83-4EDD-4C91-B63D-8E1906F4D354}"
EndProject
Project("{9A19103F-16F7-4668-BE54-9A1E7A4F7556}") = "Skyline.Core.Consul", "Skyline.Core.Consul\Skyline.Core.Consul.csproj", "{1FA1F46D-4BD2-4DD4-9F3A-AAAA77D3BFAD}"
EndProject
Project("{9A19103F-16F7-4668-BE54-9A1E7A4F7556}") = "Skyline.Core.GRpc", "Skyline.Core.Grpc\Skyline.Core.GRpc.csproj", "{6570FA59-64F3-437D-B536-E0A39B2C253D}"
EndProject
Project("{9A19103F-16F7-4668-BE54-9A1E7A4F7556}") = "Skyline.Core.Common", "Skyline.Core.Common\Skyline.Core.Common.csproj", "{5FFE7D11-64BB-4055-91A2-43DAA5F8BF3A}"
EndProject
Project("{9A19103F-16F7-4668-BE54-9A1E7A4F7556}") = "Skyline.Core.Nlog", "System.Core.Nlog\Skyline.Core.Nlog.csproj", "{2E7EDB09-978B-4C74-8B7C-758936272C34}"
EndProject
Project("{9A19103F-16F7-4668-BE54-9A1E7A4F7556}") = "Skyline.Core.IdentityServer", "Skyline.Core.IdentityServer\Skyline.Core.IdentityServer.csproj", "{D1FA265D-2287-4727-A86F-56C4A0185F66}"
EndProject
Project("{9A19103F-16F7-4668-BE54-9A1E7A4F7556}") = "Skyline.Service.Client", "Skyline.Service.Client\Skyline.Service.Client.csproj", "{69321201-3F70-4A44-8CDA-BFD674C89E72}"
EndProject
Project("{9A19103F-16F7-4668-BE54-9A1E7A4F7556}") = "Skyline.Service.Server", "Skyline.Service.Server\Skyline.Service.Server.csproj", "{9F4C0443-A5CE-454C-8D55-E3842778DA16}"
EndProject
Project("{2150E333-8FDC-42A3-9474-1A3956D46DE8}") = "Skyline.Core", "Skyline.Core", "{6A560BD7-10F3-4843-AD8C-B6D032B06CD4}"
EndProject
Project("{9A19103F-16F7-4668-BE54-9A1E7A4F7556}") = "Skyline.ApiGateway", "Skyline.ApiGateway\Skyline.ApiGateway.csproj", "{E9576FC4-693D-46AC-922E-009F90F4D98F}"
EndProject
Global
	GlobalSection(SolutionConfigurationPlatforms) = preSolution
		Debug|Any CPU = Debug|Any CPU
		Release|Any CPU = Release|Any CPU
	EndGlobalSection
	GlobalSection(ProjectConfigurationPlatforms) = postSolution
		{D959DF83-4EDD-4C91-B63D-8E1906F4D354}.Debug|Any CPU.ActiveCfg = Debug|Any CPU
		{D959DF83-4EDD-4C91-B63D-8E1906F4D354}.Debug|Any CPU.Build.0 = Debug|Any CPU
		{D959DF83-4EDD-4C91-B63D-8E1906F4D354}.Release|Any CPU.ActiveCfg = Release|Any CPU
		{D959DF83-4EDD-4C91-B63D-8E1906F4D354}.Release|Any CPU.Build.0 = Release|Any CPU
		{1FA1F46D-4BD2-4DD4-9F3A-AAAA77D3BFAD}.Debug|Any CPU.ActiveCfg = Debug|Any CPU
		{1FA1F46D-4BD2-4DD4-9F3A-AAAA77D3BFAD}.Debug|Any CPU.Build.0 = Debug|Any CPU
		{1FA1F46D-4BD2-4DD4-9F3A-AAAA77D3BFAD}.Release|Any CPU.ActiveCfg = Release|Any CPU
		{1FA1F46D-4BD2-4DD4-9F3A-AAAA77D3BFAD}.Release|Any CPU.Build.0 = Release|Any CPU
		{6570FA59-64F3-437D-B536-E0A39B2C253D}.Debug|Any CPU.ActiveCfg = Debug|Any CPU
		{6570FA59-64F3-437D-B536-E0A39B2C253D}.Debug|Any CPU.Build.0 = Debug|Any CPU
		{6570FA59-64F3-437D-B536-E0A39B2C253D}.Release|Any CPU.ActiveCfg = Release|Any CPU
		{6570FA59-64F3-437D-B536-E0A39B2C253D}.Release|Any CPU.Build.0 = Release|Any CPU
		{5FFE7D11-64BB-4055-91A2-43DAA5F8BF3A}.Debug|Any CPU.ActiveCfg = Debug|Any CPU
		{5FFE7D11-64BB-4055-91A2-43DAA5F8BF3A}.Debug|Any CPU.Build.0 = Debug|Any CPU
		{5FFE7D11-64BB-4055-91A2-43DAA5F8BF3A}.Release|Any CPU.ActiveCfg = Release|Any CPU
		{5FFE7D11-64BB-4055-91A2-43DAA5F8BF3A}.Release|Any CPU.Build.0 = Release|Any CPU
		{2E7EDB09-978B-4C74-8B7C-758936272C34}.Debug|Any CPU.ActiveCfg = Debug|Any CPU
		{2E7EDB09-978B-4C74-8B7C-758936272C34}.Debug|Any CPU.Build.0 = Debug|Any CPU
		{2E7EDB09-978B-4C74-8B7C-758936272C34}.Release|Any CPU.ActiveCfg = Release|Any CPU
		{2E7EDB09-978B-4C74-8B7C-758936272C34}.Release|Any CPU.Build.0 = Release|Any CPU
		{D1FA265D-2287-4727-A86F-56C4A0185F66}.Debug|Any CPU.ActiveCfg = Debug|Any CPU
		{D1FA265D-2287-4727-A86F-56C4A0185F66}.Debug|Any CPU.Build.0 = Debug|Any CPU
		{D1FA265D-2287-4727-A86F-56C4A0185F66}.Release|Any CPU.ActiveCfg = Release|Any CPU
		{D1FA265D-2287-4727-A86F-56C4A0185F66}.Release|Any CPU.Build.0 = Release|Any CPU
		{69321201-3F70-4A44-8CDA-BFD674C89E72}.Debug|Any CPU.ActiveCfg = Debug|Any CPU
		{69321201-3F70-4A44-8CDA-BFD674C89E72}.Debug|Any CPU.Build.0 = Debug|Any CPU
		{69321201-3F70-4A44-8CDA-BFD674C89E72}.Release|Any CPU.ActiveCfg = Release|Any CPU
		{69321201-3F70-4A44-8CDA-BFD674C89E72}.Release|Any CPU.Build.0 = Release|Any CPU
		{9F4C0443-A5CE-454C-8D55-E3842778DA16}.Debug|Any CPU.ActiveCfg = Debug|Any CPU
		{9F4C0443-A5CE-454C-8D55-E3842778DA16}.Debug|Any CPU.Build.0 = Debug|Any CPU
		{9F4C0443-A5CE-454C-8D55-E3842778DA16}.Release|Any CPU.ActiveCfg = Release|Any CPU
		{9F4C0443-A5CE-454C-8D55-E3842778DA16}.Release|Any CPU.Build.0 = Release|Any CPU
		{E9576FC4-693D-46AC-922E-009F90F4D98F}.Debug|Any CPU.ActiveCfg = Debug|Any CPU
		{E9576FC4-693D-46AC-922E-009F90F4D98F}.Debug|Any CPU.Build.0 = Debug|Any CPU
		{E9576FC4-693D-46AC-922E-009F90F4D98F}.Release|Any CPU.ActiveCfg = Release|Any CPU
		{E9576FC4-693D-46AC-922E-009F90F4D98F}.Release|Any CPU.Build.0 = Release|Any CPU
	EndGlobalSection
	GlobalSection(SolutionProperties) = preSolution
		HideSolutionNode = FALSE
	EndGlobalSection
	GlobalSection(NestedProjects) = preSolution
		{D959DF83-4EDD-4C91-B63D-8E1906F4D354} = {6A560BD7-10F3-4843-AD8C-B6D032B06CD4}
		{1FA1F46D-4BD2-4DD4-9F3A-AAAA77D3BFAD} = {6A560BD7-10F3-4843-AD8C-B6D032B06CD4}
		{6570FA59-64F3-437D-B536-E0A39B2C253D} = {6A560BD7-10F3-4843-AD8C-B6D032B06CD4}
		{5FFE7D11-64BB-4055-91A2-43DAA5F8BF3A} = {6A560BD7-10F3-4843-AD8C-B6D032B06CD4}
		{2E7EDB09-978B-4C74-8B7C-758936272C34} = {6A560BD7-10F3-4843-AD8C-B6D032B06CD4}
		{D1FA265D-2287-4727-A86F-56C4A0185F66} = {6A560BD7-10F3-4843-AD8C-B6D032B06CD4}
	EndGlobalSection
	GlobalSection(ExtensibilityGlobals) = postSolution
		SolutionGuid = {EF04F804-9CE1-4CBD-B3B5-E740C5F72B07}
	EndGlobalSection
EndGlobal
